
Microsoft Visual Studio Solution File, Format Version 11.00
# Visual Studio 2010
Project("{2150E333-8FDC-42A3-9474-1A3956D46DE8}") = "Solution Items", "Solution Items", "{C678E54B-0342-41AA-A97F-D9A4A47823FC}"
	ProjectSection(SolutionItems) = preProject
		ChangeLog.txt = ChangeLog.txt
		NOTES.txt = NOTES.txt
		data\sample-vgui.xml = data\sample-vgui.xml
		TODO.txt = TODO.txt
	EndProjectSection
EndProject
Project("{8BC9CEB8-8B4A-11D0-8D11-00A0C91BC942}") = "libluxa", "libluxa.vcxproj", "{81D7E173-28F2-494B-8CBD-4ADB62367DA8}"
EndProject
Project("{8BC9CEB8-8B4A-11D0-8D11-00A0C91BC942}") = "uitest", "uitest.vcxproj", "{F8232DBF-54A5-4362-9CDB-62A8B184E0D0}"
EndProject
Global
	GlobalSection(SolutionConfigurationPlatforms) = preSolution
		Debug|Win32 = Debug|Win32
		Release|Win32 = Release|Win32
	EndGlobalSection
	GlobalSection(ProjectConfigurationPlatforms) = postSolution
		{81D7E173-28F2-494B-8CBD-4ADB62367DA8}.Debug|Win32.ActiveCfg = Debug|Win32
		{81D7E173-28F2-494B-8CBD-4ADB62367DA8}.Debug|Win32.Build.0 = Debug|Win32
		{81D7E173-28F2-494B-8CBD-4ADB62367DA8}.Release|Win32.ActiveCfg = Release|Win32
		{81D7E173-28F2-494B-8CBD-4ADB62367DA8}.Release|Win32.Build.0 = Release|Win32
		{F8232DBF-54A5-4362-9CDB-62A8B184E0D0}.Debug|Win32.ActiveCfg = Debug|Win32
		{F8232DBF-54A5-4362-9CDB-62A8B184E0D0}.Debug|Win32.Build.0 = Debug|Win32
		{F8232DBF-54A5-4362-9CDB-62A8B184E0D0}.Release|Win32.ActiveCfg = Release|Win32
		{F8232DBF-54A5-4362-9CDB-62A8B184E0D0}.Release|Win32.Build.0 = Release|Win32
	EndGlobalSection
	GlobalSection(SolutionProperties) = preSolution
		HideSolutionNode = FALSE
	EndGlobalSection
EndGlobal
